
Microsoft Visual Studio Solution File, Format Version 12.00
# Visual Studio Version 17
VisualStudioVersion = 17.6.33815.320
MinimumVisualStudioVersion = 10.0.40219.1
Project("{9A19103F-16F7-4668-BE54-9A1E7A4F7556}") = "TestProject.Core", "TestProject.Core\TestProject.Core.csproj", "{783AACB6-7676-4B9F-B9DF-20D1B74C90D6}"
EndProject
Project("{9A19103F-16F7-4668-BE54-9A1E7A4F7556}") = "TestProject.Entity", "TestProject.Entity\TestProject.Entity.csproj", "{339F60AE-09E7-4016-A8DD-8B4C24BE2133}"
EndProject
Project("{9A19103F-16F7-4668-BE54-9A1E7A4F7556}") = "TestProject.DataAccess", "TestProject.DataAccess\TestProject.DataAccess.csproj", "{FC0D95C0-E5D7-4088-A380-CEA185EA8FAB}"
EndProject
Project("{9A19103F-16F7-4668-BE54-9A1E7A4F7556}") = "TestProject.Business", "TestProject.Business\TestProject.Business.csproj", "{40740BB7-37A2-4BA2-97B0-5A75B2A08E6D}"
EndProject
Project("{FAE04EC0-301F-11D3-BF4B-00C04F79EFBC}") = "TestProject.WebUI", "TestProject.WebUI\TestProject.WebUI.csproj", "{96D76E6A-6014-43C6-AC61-C65F1DD92C6A}"
EndProject
Global
	GlobalSection(SolutionConfigurationPlatforms) = preSolution
		Debug|Any CPU = Debug|Any CPU
		Release|Any CPU = Release|Any CPU
	EndGlobalSection
	GlobalSection(ProjectConfigurationPlatforms) = postSolution
		{783AACB6-7676-4B9F-B9DF-20D1B74C90D6}.Debug|Any CPU.ActiveCfg = Debug|Any CPU
		{783AACB6-7676-4B9F-B9DF-20D1B74C90D6}.Debug|Any CPU.Build.0 = Debug|Any CPU
		{783AACB6-7676-4B9F-B9DF-20D1B74C90D6}.Release|Any CPU.ActiveCfg = Release|Any CPU
		{783AACB6-7676-4B9F-B9DF-20D1B74C90D6}.Release|Any CPU.Build.0 = Release|Any CPU
		{339F60AE-09E7-4016-A8DD-8B4C24BE2133}.Debug|Any CPU.ActiveCfg = Debug|Any CPU
		{339F60AE-09E7-4016-A8DD-8B4C24BE2133}.Debug|Any CPU.Build.0 = Debug|Any CPU
		{339F60AE-09E7-4016-A8DD-8B4C24BE2133}.Release|Any CPU.ActiveCfg = Release|Any CPU
		{339F60AE-09E7-4016-A8DD-8B4C24BE2133}.Release|Any CPU.Build.0 = Release|Any CPU
		{FC0D95C0-E5D7-4088-A380-CEA185EA8FAB}.Debug|Any CPU.ActiveCfg = Debug|Any CPU
		{FC0D95C0-E5D7-4088-A380-CEA185EA8FAB}.Debug|Any CPU.Build.0 = Debug|Any CPU
		{FC0D95C0-E5D7-4088-A380-CEA185EA8FAB}.Release|Any CPU.ActiveCfg = Release|Any CPU
		{FC0D95C0-E5D7-4088-A380-CEA185EA8FAB}.Release|Any CPU.Build.0 = Release|Any CPU
		{40740BB7-37A2-4BA2-97B0-5A75B2A08E6D}.Debug|Any CPU.ActiveCfg = Debug|Any CPU
		{40740BB7-37A2-4BA2-97B0-5A75B2A08E6D}.Debug|Any CPU.Build.0 = Debug|Any CPU
		{40740BB7-37A2-4BA2-97B0-5A75B2A08E6D}.Release|Any CPU.ActiveCfg = Release|Any CPU
		{40740BB7-37A2-4BA2-97B0-5A75B2A08E6D}.Release|Any CPU.Build.0 = Release|Any CPU
		{96D76E6A-6014-43C6-AC61-C65F1DD92C6A}.Debug|Any CPU.ActiveCfg = Debug|Any CPU
		{96D76E6A-6014-43C6-AC61-C65F1DD92C6A}.Debug|Any CPU.Build.0 = Debug|Any CPU
		{96D76E6A-6014-43C6-AC61-C65F1DD92C6A}.Release|Any CPU.ActiveCfg = Release|Any CPU
		{96D76E6A-6014-43C6-AC61-C65F1DD92C6A}.Release|Any CPU.Build.0 = Release|Any CPU
	EndGlobalSection
	GlobalSection(SolutionProperties) = preSolution
		HideSolutionNode = FALSE
	EndGlobalSection
	GlobalSection(ExtensibilityGlobals) = postSolution
		SolutionGuid = {8ECA4E30-56F5-4963-A644-C4FA9F3F7271}
	EndGlobalSection
EndGlobal
